
Microsoft Visual Studio Solution File, Format Version 12.00
# Visual Studio Version 17
VisualStudioVersion = 17.14.37012.4 d17.14
MinimumVisualStudioVersion = 10.0.40219.1
Project("{FAE04EC0-301F-11D3-BF4B-00C04F79EFBC}") = "SocketYRPC", "SocketYRPC\SocketYRPC.csproj", "{D454ED3B-A14F-4B8B-9EA8-6B03E512D4AD}"
EndProject
Global
	GlobalSection(SolutionConfigurationPlatforms) = preSolution
		Debug|Any CPU = Debug|Any CPU
		Release|Any CPU = Release|Any CPU
	EndGlobalSection
	GlobalSection(ProjectConfigurationPlatforms) = postSolution
		{D454ED3B-A14F-4B8B-9EA8-6B03E512D4AD}.Debug|Any CPU.ActiveCfg = Debug|Any CPU
		{D454ED3B-A14F-4B8B-9EA8-6B03E512D4AD}.Debug|Any CPU.Build.0 = Debug|Any CPU
		{D454ED3B-A14F-4B8B-9EA8-6B03E512D4AD}.Release|Any CPU.ActiveCfg = Release|Any CPU
		{D454ED3B-A14F-4B8B-9EA8-6B03E512D4AD}.Release|Any CPU.Build.0 = Release|Any CPU
	EndGlobalSection
	GlobalSection(SolutionProperties) = preSolution
		HideSolutionNode = FALSE
	EndGlobalSection
	GlobalSection(ExtensibilityGlobals) = postSolution
		SolutionGuid = {74D53B0F-70AF-46DD-8A63-F0912214B484}
	EndGlobalSection
EndGlobal
